
Microsoft Visual Studio Solution File, Format Version 12.00
# Visual Studio 15
VisualStudioVersion = 15.0.28307.1500
MinimumVisualStudioVersion = 10.0.40219.1
Project("{FAE04EC0-301F-11D3-BF4B-00C04F79EFBC}") = "FolderUpdate", "FolderUpdate\FolderUpdate.csproj", "{EAE7C99C-AED4-4DE9-B46D-64E44FF6F357}"
EndProject
Project("{FAE04EC0-301F-11D3-BF4B-00C04F79EFBC}") = "TimeUpdateLibrary", "TimeUpdateLibrary\TimeUpdateLibrary.csproj", "{CF4873EC-DC01-4506-9E09-98B79B4456D5}"
EndProject
Project("{FAE04EC0-301F-11D3-BF4B-00C04F79EFBC}") = "TimeStruct", "TimeStruct\TimeStruct.csproj", "{58823E36-8EC2-4824-BF64-B54A7662D67D}"
EndProject
Project("{FAE04EC0-301F-11D3-BF4B-00C04F79EFBC}") = "FileOperatingLibrary", "FileOperatingLibrary\FileOperatingLibrary.csproj", "{1FB90D85-9E23-47E7-81D1-20BA2A54E6BD}"
EndProject
Project("{FAE04EC0-301F-11D3-BF4B-00C04F79EFBC}") = "LocaleLibrary", "LocaleLibrary\LocaleLibrary.csproj", "{F9105854-95D4-4CB8-B1EC-0115E0EE9A6D}"
EndProject
Global
	GlobalSection(SolutionConfigurationPlatforms) = preSolution
		Debug|Any CPU = Debug|Any CPU
		Release|Any CPU = Release|Any CPU
	EndGlobalSection
	GlobalSection(ProjectConfigurationPlatforms) = postSolution
		{EAE7C99C-AED4-4DE9-B46D-64E44FF6F357}.Debug|Any CPU.ActiveCfg = Debug|Any CPU
		{EAE7C99C-AED4-4DE9-B46D-64E44FF6F357}.Debug|Any CPU.Build.0 = Debug|Any CPU
		{EAE7C99C-AED4-4DE9-B46D-64E44FF6F357}.Release|Any CPU.ActiveCfg = Release|Any CPU
		{EAE7C99C-AED4-4DE9-B46D-64E44FF6F357}.Release|Any CPU.Build.0 = Release|Any CPU
		{CF4873EC-DC01-4506-9E09-98B79B4456D5}.Debug|Any CPU.ActiveCfg = Debug|Any CPU
		{CF4873EC-DC01-4506-9E09-98B79B4456D5}.Debug|Any CPU.Build.0 = Debug|Any CPU
		{CF4873EC-DC01-4506-9E09-98B79B4456D5}.Release|Any CPU.ActiveCfg = Release|Any CPU
		{CF4873EC-DC01-4506-9E09-98B79B4456D5}.Release|Any CPU.Build.0 = Release|Any CPU
		{58823E36-8EC2-4824-BF64-B54A7662D67D}.Debug|Any CPU.ActiveCfg = Debug|Any CPU
		{58823E36-8EC2-4824-BF64-B54A7662D67D}.Debug|Any CPU.Build.0 = Debug|Any CPU
		{58823E36-8EC2-4824-BF64-B54A7662D67D}.Release|Any CPU.ActiveCfg = Release|Any CPU
		{58823E36-8EC2-4824-BF64-B54A7662D67D}.Release|Any CPU.Build.0 = Release|Any CPU
		{1FB90D85-9E23-47E7-81D1-20BA2A54E6BD}.Debug|Any CPU.ActiveCfg = Debug|Any CPU
		{1FB90D85-9E23-47E7-81D1-20BA2A54E6BD}.Debug|Any CPU.Build.0 = Debug|Any CPU
		{1FB90D85-9E23-47E7-81D1-20BA2A54E6BD}.Release|Any CPU.ActiveCfg = Release|Any CPU
		{1FB90D85-9E23-47E7-81D1-20BA2A54E6BD}.Release|Any CPU.Build.0 = Release|Any CPU
		{F9105854-95D4-4CB8-B1EC-0115E0EE9A6D}.Debug|Any CPU.ActiveCfg = Debug|Any CPU
		{F9105854-95D4-4CB8-B1EC-0115E0EE9A6D}.Debug|Any CPU.Build.0 = Debug|Any CPU
		{F9105854-95D4-4CB8-B1EC-0115E0EE9A6D}.Release|Any CPU.ActiveCfg = Release|Any CPU
		{F9105854-95D4-4CB8-B1EC-0115E0EE9A6D}.Release|Any CPU.Build.0 = Release|Any CPU
	EndGlobalSection
	GlobalSection(SolutionProperties) = preSolution
		HideSolutionNode = FALSE
	EndGlobalSection
	GlobalSection(ExtensibilityGlobals) = postSolution
		SolutionGuid = {408DBD97-AA0E-4DAF-9DEB-A169C8941012}
	EndGlobalSection
EndGlobal
